# THIS IS AN AUTOGENERATED FILE. DO NOT EDIT THIS FILE DIRECTLY.
# yarn lockfile v1


sedk-postgres@0.15.1-next.1:
  version "0.15.1-next.1"
  resolved "https://registry.yarnpkg.com/sedk-postgres/-/sedk-postgres-0.15.1-next.1.tgz#ad169a7f5393469bd87fb615abd77e6906a1b5c1"
  integrity sha512-y5Hp0nqtDbTLY+qwUk/4ZNDPhQQwgBBQ+FiTcy+Lcy3JNeos+1Sqa26sAxwjKaVLwI9uJ5wOKZx1OsfOJCMmnA==
