# THIS IS AN AUTOGENERATED FILE. DO NOT EDIT THIS FILE DIRECTLY.
# yarn lockfile v1


sedk-postgres@0.15.0-next.8:
  version "0.15.0-next.8"
  resolved "https://registry.yarnpkg.com/sedk-postgres/-/sedk-postgres-0.15.0-next.8.tgz#8a1e6aacfe6527e8b8f7561d91cb06b6b3aa3f9b"
  integrity sha512-p989D1FOnIEfBa89j9owzka2Sh2Hv1puVeAJLAuYMjxgj3ODLHf42IqyGbXzkVIYsL5cljaYfbMp6vF1aJxRmg==
