{
  "version": "3",
  "packages": {
    "specifiers": {
      "npm:sedk-postgres@0.15.0": "npm:sedk-postgres@0.15.0"
    },
    "npm": {
      "sedk-postgres@0.15.0": {
        "integrity": "sha512-jfOLUKQ9IVusfAV3ab30ogOJvBH52hG4NH8XLO7o+p9wRvBneaqpOO2WROfem+bWPGT+3NBgOUV539WJ5gqAmw==",
        "dependencies": {}
      }
    }
  },
  "remote": {}
}
