# THIS IS AN AUTOGENERATED FILE. DO NOT EDIT THIS FILE DIRECTLY.
# yarn lockfile v1


sedk-mysql@0.0.3-next.0:
  version "0.0.3-next.0"
  resolved "https://registry.yarnpkg.com/sedk-mysql/-/sedk-mysql-0.0.3-next.0.tgz#c04c8b381ebe33f4affea4267b47d8669601f988"
  integrity sha512-qZAKiHrfiwdFjIisw9vPsGN6PdRujkPfdcobLzWw9RoBA/NmlUnQMigA1bvT3jtlrxT/Fks+/C93jMIZ+Pl+Wg==
