# THIS IS AN AUTOGENERATED FILE. DO NOT EDIT THIS FILE DIRECTLY.
# yarn lockfile v1


sedk-mysql@0.0.4:
  version "0.0.4"
  resolved "https://registry.yarnpkg.com/sedk-mysql/-/sedk-mysql-0.0.4.tgz#c1e27193eabe49765855d699210ef44271b3808d"
  integrity sha512-yY2/SzvLMu+PUCndMfpMVBJFrZZ4i0Tus6xQWpJ8mLwK7fPOEDZwkXucdZPb/CUMqynbLsdvrIcvYCJNyOUyNA==
