# THIS IS AN AUTOGENERATED FILE. DO NOT EDIT THIS FILE DIRECTLY.
# yarn lockfile v1


sedk-mysql@0.1.0-next.0:
  version "0.1.0-next.0"
  resolved "https://registry.yarnpkg.com/sedk-mysql/-/sedk-mysql-0.1.0-next.0.tgz#b691533b63ded3fa90e11d6dcb4de8ca74cf5832"
  integrity sha512-Z3jlaEmX+IdPilonFHdAD3xIBjWbff846ef85zbfffai8hyoeHloZmnSIGAckZO0yjtCqGx3X4caEBLwrVmCHA==
