# THIS IS AN AUTOGENERATED FILE. DO NOT EDIT THIS FILE DIRECTLY.
# yarn lockfile v1


sedk-neo4j@0.0.4:
  version "0.0.4"
  resolved "https://registry.yarnpkg.com/sedk-neo4j/-/sedk-neo4j-0.0.4.tgz#6e3db59062e632c7513079cc4db19191ef2401b8"
  integrity sha512-4aoBV6QqcV4vpHs1PxSO+057k0TSc2ATF0jplNNqS4tH/MUJyF6WsKStpqoFw583Tfa8MxoIRe976jie37YruA==
