# THIS IS AN AUTOGENERATED FILE. DO NOT EDIT THIS FILE DIRECTLY.
# yarn lockfile v1


sedk-mysql@^0.0.2:
  version "0.0.2"
  resolved "https://registry.yarnpkg.com/sedk-mysql/-/sedk-mysql-0.0.2.tgz#77725ac579c506538ac4a177f1aa9f14c5e44985"
  integrity sha512-8Tn2iD2T0d6a0NaSqx3WeGwt7YgUT5EYPSC8z+y/iGRijGbqWDJD6+MpEiWfhWCD7UgS0rY+G9O77YmBuqQykQ==
