# THIS IS AN AUTOGENERATED FILE. DO NOT EDIT THIS FILE DIRECTLY.
# yarn lockfile v1


sedk-postgres@0.15.0:
  version "0.15.0"
  resolved "https://registry.yarnpkg.com/sedk-postgres/-/sedk-postgres-0.15.0.tgz#9125010cfb699808cb0ed9f0cd7aa3b7f79bab6c"
  integrity sha512-jfOLUKQ9IVusfAV3ab30ogOJvBH52hG4NH8XLO7o+p9wRvBneaqpOO2WROfem+bWPGT+3NBgOUV539WJ5gqAmw==
